
Microsoft Visual Studio Solution File, Format Version 12.00
# Visual Studio Version 16
VisualStudioVersion = 16.0.29709.97
MinimumVisualStudioVersion = 10.0.40219.1
Project("{9A19103F-16F7-4668-BE54-9A1E7A4F7556}") = "CleaningRecords", "CleaningRecords.csproj", "{FA2E5E3D-59FA-48BE-9AD7-63A95F89B435}"
EndProject
Project("{FAE04EC0-301F-11D3-BF4B-00C04F79EFBC}") = "MonthCalendar", "..\MonthCalendar\MonthCalendar.csproj", "{7E83A6B8-BAA8-48BA-B748-4EFA41EBB9E6}"
EndProject
Global
	GlobalSection(SolutionConfigurationPlatforms) = preSolution
		Debug|Any CPU = Debug|Any CPU
		Release|Any CPU = Release|Any CPU
	EndGlobalSection
	GlobalSection(ProjectConfigurationPlatforms) = postSolution
		{FA2E5E3D-59FA-48BE-9AD7-63A95F89B435}.Debug|Any CPU.ActiveCfg = Debug|Any CPU
		{FA2E5E3D-59FA-48BE-9AD7-63A95F89B435}.Debug|Any CPU.Build.0 = Debug|Any CPU
		{FA2E5E3D-59FA-48BE-9AD7-63A95F89B435}.Release|Any CPU.ActiveCfg = Release|Any CPU
		{FA2E5E3D-59FA-48BE-9AD7-63A95F89B435}.Release|Any CPU.Build.0 = Release|Any CPU
		{7E83A6B8-BAA8-48BA-B748-4EFA41EBB9E6}.Debug|Any CPU.ActiveCfg = Debug|Any CPU
		{7E83A6B8-BAA8-48BA-B748-4EFA41EBB9E6}.Debug|Any CPU.Build.0 = Debug|Any CPU
		{7E83A6B8-BAA8-48BA-B748-4EFA41EBB9E6}.Release|Any CPU.ActiveCfg = Release|Any CPU
		{7E83A6B8-BAA8-48BA-B748-4EFA41EBB9E6}.Release|Any CPU.Build.0 = Release|Any CPU
	EndGlobalSection
	GlobalSection(SolutionProperties) = preSolution
		HideSolutionNode = FALSE
	EndGlobalSection
	GlobalSection(ExtensibilityGlobals) = postSolution
		SolutionGuid = {84882A13-93B0-4053-82E1-D8D221DF38EA}
	EndGlobalSection
EndGlobal
